
Microsoft Visual Studio Solution File, Format Version 12.00
# Visual Studio Version 16
VisualStudioVersion = 16.0.28803.352
MinimumVisualStudioVersion = 10.0.40219.1
Project("{FAE04EC0-301F-11D3-BF4B-00C04F79EFBC}") = "VeteriBosS", "VeteriBosS\VeteriBosS.csproj", "{05A5049B-7216-480B-B112-D6ED46573E01}"
EndProject
Global
	GlobalSection(SolutionConfigurationPlatforms) = preSolution
		Debug|Any CPU = Debug|Any CPU
		Release|Any CPU = Release|Any CPU
	EndGlobalSection
	GlobalSection(ProjectConfigurationPlatforms) = postSolution
		{05A5049B-7216-480B-B112-D6ED46573E01}.Debug|Any CPU.ActiveCfg = Debug|Any CPU
		{05A5049B-7216-480B-B112-D6ED46573E01}.Debug|Any CPU.Build.0 = Debug|Any CPU
		{05A5049B-7216-480B-B112-D6ED46573E01}.Release|Any CPU.ActiveCfg = Release|Any CPU
		{05A5049B-7216-480B-B112-D6ED46573E01}.Release|Any CPU.Build.0 = Release|Any CPU
	EndGlobalSection
	GlobalSection(SolutionProperties) = preSolution
		HideSolutionNode = FALSE
	EndGlobalSection
	GlobalSection(ExtensibilityGlobals) = postSolution
		SolutionGuid = {F2237A6D-278B-4C46-B5BE-EE6FC53C000A}
	EndGlobalSection
EndGlobal
